
Microsoft Visual Studio Solution File, Format Version 12.00
# Visual Studio Version 16
VisualStudioVersion = 16.0.28315.86
MinimumVisualStudioVersion = 10.0.40219.1
Project("{2150E333-8FDC-42A3-9474-1A3956D46DE8}") = "Engine", "Engine", "{4E97D4C1-92FC-4576-9A72-771303790352}"
EndProject
Project("{2150E333-8FDC-42A3-9474-1A3956D46DE8}") = "Enterprise", "Enterprise", "{E5E4A8C1-C13E-4D7D-849A-224F76D65B30}"
EndProject
Project("{2150E333-8FDC-42A3-9474-1A3956D46DE8}") = "Games", "Games", "{BC8DCFB4-7B00-4DAE-A2FF-E25EA7D8C6B8}"
EndProject
Project("{8BC9CEB8-8B4A-11D0-8D11-00A0C91BC942}") = "UE4", "Intermediate\ProjectFiles\UE4.vcxproj", "{F860E635-14F6-4529-B60A-F9A10E901D5B}"
EndProject
Project("{8BC9CEB8-8B4A-11D0-8D11-00A0C91BC942}") = "Studio", "Intermediate\ProjectFiles\Studio.vcxproj", "{92D39E75-E881-4892-A9C0-68F7D8A770DE}"
EndProject
Project("{8BC9CEB8-8B4A-11D0-8D11-00A0C91BC942}") = "BattleStarship", "Intermediate\ProjectFiles\BattleStarship.vcxproj", "{CA576D8D-CE91-49EF-9ADC-4F9655738776}"
EndProject
Project("{2150E333-8FDC-42A3-9474-1A3956D46DE8}") = "Visualizers", "Visualizers", "{DC0FEAA9-7F29-41D2-B1AD-28128CA7F481}"
	ProjectSection(SolutionItems) = preProject
		..\..\..\..\..\..\..\..\Program Files\Epic Games\UE_4.23\Engine\Extras\VisualStudioDebugging\UE4.natvis = ..\..\..\..\..\..\..\..\Program Files\Epic Games\UE_4.23\Engine\Extras\VisualStudioDebugging\UE4.natvis
	EndProjectSection
EndProject
Global
	GlobalSection(SolutionConfigurationPlatforms) = preSolution
		DebugGame Editor|HTML5 = DebugGame Editor|HTML5
		DebugGame Editor|IOS = DebugGame Editor|IOS
		DebugGame Editor|Win32 = DebugGame Editor|Win32
		DebugGame Editor|Win64 = DebugGame Editor|Win64
		DebugGame|HTML5 = DebugGame|HTML5
		DebugGame|IOS = DebugGame|IOS
		DebugGame|Win32 = DebugGame|Win32
		DebugGame|Win64 = DebugGame|Win64
		Development Editor|HTML5 = Development Editor|HTML5
		Development Editor|IOS = Development Editor|IOS
		Development Editor|Win32 = Development Editor|Win32
		Development Editor|Win64 = Development Editor|Win64
		Development|HTML5 = Development|HTML5
		Development|IOS = Development|IOS
		Development|Win32 = Development|Win32
		Development|Win64 = Development|Win64
		Shipping|HTML5 = Shipping|HTML5
		Shipping|IOS = Shipping|IOS
		Shipping|Win32 = Shipping|Win32
		Shipping|Win64 = Shipping|Win64
	EndGlobalSection
	GlobalSection(ProjectConfigurationPlatforms) = postSolution
		{F860E635-14F6-4529-B60A-F9A10E901D5B}.DebugGame Editor|HTML5.ActiveCfg = BuiltWithUnrealBuildTool|Win32
		{F860E635-14F6-4529-B60A-F9A10E901D5B}.DebugGame Editor|IOS.ActiveCfg = BuiltWithUnrealBuildTool|Win32
		{F860E635-14F6-4529-B60A-F9A10E901D5B}.DebugGame Editor|Win32.ActiveCfg = BuiltWithUnrealBuildTool|Win32
		{F860E635-14F6-4529-B60A-F9A10E901D5B}.DebugGame Editor|Win64.ActiveCfg = BuiltWithUnrealBuildTool|Win32
		{F860E635-14F6-4529-B60A-F9A10E901D5B}.DebugGame|HTML5.ActiveCfg = BuiltWithUnrealBuildTool|Win32
		{F860E635-14F6-4529-B60A-F9A10E901D5B}.DebugGame|IOS.ActiveCfg = BuiltWithUnrealBuildTool|Win32
		{F860E635-14F6-4529-B60A-F9A10E901D5B}.DebugGame|Win32.ActiveCfg = BuiltWithUnrealBuildTool|Win32
		{F860E635-14F6-4529-B60A-F9A10E901D5B}.DebugGame|Win64.ActiveCfg = BuiltWithUnrealBuildTool|Win32
		{F860E635-14F6-4529-B60A-F9A10E901D5B}.Development Editor|HTML5.ActiveCfg = BuiltWithUnrealBuildTool|Win32
		{F860E635-14F6-4529-B60A-F9A10E901D5B}.Development Editor|IOS.ActiveCfg = BuiltWithUnrealBuildTool|Win32
		{F860E635-14F6-4529-B60A-F9A10E901D5B}.Development Editor|Win32.ActiveCfg = BuiltWithUnrealBuildTool|Win32
		{F860E635-14F6-4529-B60A-F9A10E901D5B}.Development Editor|Win64.ActiveCfg = BuiltWithUnrealBuildTool|Win32
		{F860E635-14F6-4529-B60A-F9A10E901D5B}.Development|HTML5.ActiveCfg = BuiltWithUnrealBuildTool|Win32
		{F860E635-14F6-4529-B60A-F9A10E901D5B}.Development|IOS.ActiveCfg = BuiltWithUnrealBuildTool|Win32
		{F860E635-14F6-4529-B60A-F9A10E901D5B}.Development|Win32.ActiveCfg = BuiltWithUnrealBuildTool|Win32
		{F860E635-14F6-4529-B60A-F9A10E901D5B}.Development|Win64.ActiveCfg = BuiltWithUnrealBuildTool|Win32
		{F860E635-14F6-4529-B60A-F9A10E901D5B}.Shipping|HTML5.ActiveCfg = BuiltWithUnrealBuildTool|Win32
		{F860E635-14F6-4529-B60A-F9A10E901D5B}.Shipping|IOS.ActiveCfg = BuiltWithUnrealBuildTool|Win32
		{F860E635-14F6-4529-B60A-F9A10E901D5B}.Shipping|Win32.ActiveCfg = BuiltWithUnrealBuildTool|Win32
		{F860E635-14F6-4529-B60A-F9A10E901D5B}.Shipping|Win64.ActiveCfg = BuiltWithUnrealBuildTool|Win32
		{92D39E75-E881-4892-A9C0-68F7D8A770DE}.DebugGame Editor|HTML5.ActiveCfg = BuiltWithUnrealBuildTool|Win32
		{92D39E75-E881-4892-A9C0-68F7D8A770DE}.DebugGame Editor|IOS.ActiveCfg = BuiltWithUnrealBuildTool|Win32
		{92D39E75-E881-4892-A9C0-68F7D8A770DE}.DebugGame Editor|Win32.ActiveCfg = BuiltWithUnrealBuildTool|Win32
		{92D39E75-E881-4892-A9C0-68F7D8A770DE}.DebugGame Editor|Win64.ActiveCfg = BuiltWithUnrealBuildTool|Win32
		{92D39E75-E881-4892-A9C0-68F7D8A770DE}.DebugGame|HTML5.ActiveCfg = BuiltWithUnrealBuildTool|Win32
		{92D39E75-E881-4892-A9C0-68F7D8A770DE}.DebugGame|IOS.ActiveCfg = BuiltWithUnrealBuildTool|Win32
		{92D39E75-E881-4892-A9C0-68F7D8A770DE}.DebugGame|Win32.ActiveCfg = BuiltWithUnrealBuildTool|Win32
		{92D39E75-E881-4892-A9C0-68F7D8A770DE}.DebugGame|Win64.ActiveCfg = BuiltWithUnrealBuildTool|Win32
		{92D39E75-E881-4892-A9C0-68F7D8A770DE}.Development Editor|HTML5.ActiveCfg = BuiltWithUnrealBuildTool|Win32
		{92D39E75-E881-4892-A9C0-68F7D8A770DE}.Development Editor|IOS.ActiveCfg = BuiltWithUnrealBuildTool|Win32
		{92D39E75-E881-4892-A9C0-68F7D8A770DE}.Development Editor|Win32.ActiveCfg = BuiltWithUnrealBuildTool|Win32
		{92D39E75-E881-4892-A9C0-68F7D8A770DE}.Development Editor|Win64.ActiveCfg = BuiltWithUnrealBuildTool|Win32
		{92D39E75-E881-4892-A9C0-68F7D8A770DE}.Development|HTML5.ActiveCfg = BuiltWithUnrealBuildTool|Win32
		{92D39E75-E881-4892-A9C0-68F7D8A770DE}.Development|IOS.ActiveCfg = BuiltWithUnrealBuildTool|Win32
		{92D39E75-E881-4892-A9C0-68F7D8A770DE}.Development|Win32.ActiveCfg = BuiltWithUnrealBuildTool|Win32
		{92D39E75-E881-4892-A9C0-68F7D8A770DE}.Development|Win64.ActiveCfg = BuiltWithUnrealBuildTool|Win32
		{92D39E75-E881-4892-A9C0-68F7D8A770DE}.Shipping|HTML5.ActiveCfg = BuiltWithUnrealBuildTool|Win32
		{92D39E75-E881-4892-A9C0-68F7D8A770DE}.Shipping|IOS.ActiveCfg = BuiltWithUnrealBuildTool|Win32
		{92D39E75-E881-4892-A9C0-68F7D8A770DE}.Shipping|Win32.ActiveCfg = BuiltWithUnrealBuildTool|Win32
		{92D39E75-E881-4892-A9C0-68F7D8A770DE}.Shipping|Win64.ActiveCfg = BuiltWithUnrealBuildTool|Win32
		{CA576D8D-CE91-49EF-9ADC-4F9655738776}.DebugGame Editor|HTML5.ActiveCfg = Invalid|Win32
		{CA576D8D-CE91-49EF-9ADC-4F9655738776}.DebugGame Editor|IOS.ActiveCfg = Invalid|Win32
		{CA576D8D-CE91-49EF-9ADC-4F9655738776}.DebugGame Editor|Win32.ActiveCfg = Invalid|Win32
		{CA576D8D-CE91-49EF-9ADC-4F9655738776}.DebugGame Editor|Win64.ActiveCfg = DebugGame_Editor|x64
		{CA576D8D-CE91-49EF-9ADC-4F9655738776}.DebugGame Editor|Win64.Build.0 = DebugGame_Editor|x64
		{CA576D8D-CE91-49EF-9ADC-4F9655738776}.DebugGame|HTML5.ActiveCfg = HTML5_DebugGame|Win32
		{CA576D8D-CE91-49EF-9ADC-4F9655738776}.DebugGame|HTML5.Build.0 = HTML5_DebugGame|Win32
		{CA576D8D-CE91-49EF-9ADC-4F9655738776}.DebugGame|IOS.ActiveCfg = IOS_DebugGame|Win32
		{CA576D8D-CE91-49EF-9ADC-4F9655738776}.DebugGame|IOS.Build.0 = IOS_DebugGame|Win32
		{CA576D8D-CE91-49EF-9ADC-4F9655738776}.DebugGame|Win32.ActiveCfg = DebugGame|Win32
		{CA576D8D-CE91-49EF-9ADC-4F9655738776}.DebugGame|Win32.Build.0 = DebugGame|Win32
		{CA576D8D-CE91-49EF-9ADC-4F9655738776}.DebugGame|Win64.ActiveCfg = DebugGame|x64
		{CA576D8D-CE91-49EF-9ADC-4F9655738776}.DebugGame|Win64.Build.0 = DebugGame|x64
		{CA576D8D-CE91-49EF-9ADC-4F9655738776}.Development Editor|HTML5.ActiveCfg = Invalid|Win32
		{CA576D8D-CE91-49EF-9ADC-4F9655738776}.Development Editor|IOS.ActiveCfg = Invalid|Win32
		{CA576D8D-CE91-49EF-9ADC-4F9655738776}.Development Editor|Win32.ActiveCfg = Invalid|Win32
		{CA576D8D-CE91-49EF-9ADC-4F9655738776}.Development Editor|Win64.ActiveCfg = Development_Editor|x64
		{CA576D8D-CE91-49EF-9ADC-4F9655738776}.Development Editor|Win64.Build.0 = Development_Editor|x64
		{CA576D8D-CE91-49EF-9ADC-4F9655738776}.Development|HTML5.ActiveCfg = HTML5_Development|Win32
		{CA576D8D-CE91-49EF-9ADC-4F9655738776}.Development|HTML5.Build.0 = HTML5_Development|Win32
		{CA576D8D-CE91-49EF-9ADC-4F9655738776}.Development|IOS.ActiveCfg = IOS_Development|Win32
		{CA576D8D-CE91-49EF-9ADC-4F9655738776}.Development|IOS.Build.0 = IOS_Development|Win32
		{CA576D8D-CE91-49EF-9ADC-4F9655738776}.Development|Win32.ActiveCfg = Development|Win32
		{CA576D8D-CE91-49EF-9ADC-4F9655738776}.Development|Win32.Build.0 = Development|Win32
		{CA576D8D-CE91-49EF-9ADC-4F9655738776}.Development|Win64.ActiveCfg = Development|x64
		{CA576D8D-CE91-49EF-9ADC-4F9655738776}.Development|Win64.Build.0 = Development|x64
		{CA576D8D-CE91-49EF-9ADC-4F9655738776}.Shipping|HTML5.ActiveCfg = HTML5_Shipping|Win32
		{CA576D8D-CE91-49EF-9ADC-4F9655738776}.Shipping|HTML5.Build.0 = HTML5_Shipping|Win32
		{CA576D8D-CE91-49EF-9ADC-4F9655738776}.Shipping|IOS.ActiveCfg = IOS_Shipping|Win32
		{CA576D8D-CE91-49EF-9ADC-4F9655738776}.Shipping|IOS.Build.0 = IOS_Shipping|Win32
		{CA576D8D-CE91-49EF-9ADC-4F9655738776}.Shipping|Win32.ActiveCfg = Shipping|Win32
		{CA576D8D-CE91-49EF-9ADC-4F9655738776}.Shipping|Win32.Build.0 = Shipping|Win32
		{CA576D8D-CE91-49EF-9ADC-4F9655738776}.Shipping|Win64.ActiveCfg = Shipping|x64
		{CA576D8D-CE91-49EF-9ADC-4F9655738776}.Shipping|Win64.Build.0 = Shipping|x64
	EndGlobalSection
	GlobalSection(SolutionProperties) = preSolution
		HideSolutionNode = FALSE
	EndGlobalSection
	GlobalSection(NestedProjects) = preSolution
		{F860E635-14F6-4529-B60A-F9A10E901D5B} = {4E97D4C1-92FC-4576-9A72-771303790352}
		{92D39E75-E881-4892-A9C0-68F7D8A770DE} = {E5E4A8C1-C13E-4D7D-849A-224F76D65B30}
		{CA576D8D-CE91-49EF-9ADC-4F9655738776} = {BC8DCFB4-7B00-4DAE-A2FF-E25EA7D8C6B8}
	EndGlobalSection
EndGlobal
